
Microsoft Visual Studio Solution File, Format Version 12.00
# Visual Studio Version 17
VisualStudioVersion = 17.12.35506.116
MinimumVisualStudioVersion = 10.0.40219.1
Project("{8BC9CEB8-8B4A-11D0-8D11-00A0C91BC942}") = "WinAPI", "WinAPI\WinAPI.vcxproj", "{FAC7E8F6-0832-49C3-ADDD-7E6384DB25AB}"
EndProject
Project("{8BC9CEB8-8B4A-11D0-8D11-00A0C91BC942}") = "ComboBox", "ComboBox\ComboBox.vcxproj", "{224AA75F-BAC8-4138-AD0B-E4565A1ABE0F}"
EndProject
Project("{8BC9CEB8-8B4A-11D0-8D11-00A0C91BC942}") = "ListBox", "ListBox\ListBox.vcxproj", "{465EF81D-1415-4BFA-81DB-A71BF5E53057}"
EndProject
Project("{8BC9CEB8-8B4A-11D0-8D11-00A0C91BC942}") = "ListBox_Class", "ListBox_Class\ListBox_Class.vcxproj", "{6F3329D2-0D07-4E94-BC19-B76265CE0F3A}"
EndProject
Project("{8BC9CEB8-8B4A-11D0-8D11-00A0C91BC942}") = "Report", "Report\Report.vcxproj", "{793C158F-BDE4-43DD-883E-AB8D3F7A0320}"
EndProject
Project("{8BC9CEB8-8B4A-11D0-8D11-00A0C91BC942}") = "MainWindow", "MainWindow\MainWindow.vcxproj", "{D4284327-9D1B-49AE-ACD3-B4EEBB2C68F2}"
EndProject
Global
	GlobalSection(SolutionConfigurationPlatforms) = preSolution
		Debug|x64 = Debug|x64
		Debug|x86 = Debug|x86
		Release|x64 = Release|x64
		Release|x86 = Release|x86
	EndGlobalSection
	GlobalSection(ProjectConfigurationPlatforms) = postSolution
		{FAC7E8F6-0832-49C3-ADDD-7E6384DB25AB}.Debug|x64.ActiveCfg = Debug|x64
		{FAC7E8F6-0832-49C3-ADDD-7E6384DB25AB}.Debug|x64.Build.0 = Debug|x64
		{FAC7E8F6-0832-49C3-ADDD-7E6384DB25AB}.Debug|x86.ActiveCfg = Debug|Win32
		{FAC7E8F6-0832-49C3-ADDD-7E6384DB25AB}.Debug|x86.Build.0 = Debug|Win32
		{FAC7E8F6-0832-49C3-ADDD-7E6384DB25AB}.Release|x64.ActiveCfg = Release|x64
		{FAC7E8F6-0832-49C3-ADDD-7E6384DB25AB}.Release|x64.Build.0 = Release|x64
		{FAC7E8F6-0832-49C3-ADDD-7E6384DB25AB}.Release|x86.ActiveCfg = Release|Win32
		{FAC7E8F6-0832-49C3-ADDD-7E6384DB25AB}.Release|x86.Build.0 = Release|Win32
		{224AA75F-BAC8-4138-AD0B-E4565A1ABE0F}.Debug|x64.ActiveCfg = Debug|x64
		{224AA75F-BAC8-4138-AD0B-E4565A1ABE0F}.Debug|x64.Build.0 = Debug|x64
		{224AA75F-BAC8-4138-AD0B-E4565A1ABE0F}.Debug|x86.ActiveCfg = Debug|Win32
		{224AA75F-BAC8-4138-AD0B-E4565A1ABE0F}.Debug|x86.Build.0 = Debug|Win32
		{224AA75F-BAC8-4138-AD0B-E4565A1ABE0F}.Release|x64.ActiveCfg = Release|x64
		{224AA75F-BAC8-4138-AD0B-E4565A1ABE0F}.Release|x64.Build.0 = Release|x64
		{224AA75F-BAC8-4138-AD0B-E4565A1ABE0F}.Release|x86.ActiveCfg = Release|Win32
		{224AA75F-BAC8-4138-AD0B-E4565A1ABE0F}.Release|x86.Build.0 = Release|Win32
		{465EF81D-1415-4BFA-81DB-A71BF5E53057}.Debug|x64.ActiveCfg = Debug|x64
		{465EF81D-1415-4BFA-81DB-A71BF5E53057}.Debug|x64.Build.0 = Debug|x64
		{465EF81D-1415-4BFA-81DB-A71BF5E53057}.Debug|x86.ActiveCfg = Debug|Win32
		{465EF81D-1415-4BFA-81DB-A71BF5E53057}.Debug|x86.Build.0 = Debug|Win32
		{465EF81D-1415-4BFA-81DB-A71BF5E53057}.Release|x64.ActiveCfg = Release|x64
		{465EF81D-1415-4BFA-81DB-A71BF5E53057}.Release|x64.Build.0 = Release|x64
		{465EF81D-1415-4BFA-81DB-A71BF5E53057}.Release|x86.ActiveCfg = Release|Win32
		{465EF81D-1415-4BFA-81DB-A71BF5E53057}.Release|x86.Build.0 = Release|Win32
		{6F3329D2-0D07-4E94-BC19-B76265CE0F3A}.Debug|x64.ActiveCfg = Debug|x64
		{6F3329D2-0D07-4E94-BC19-B76265CE0F3A}.Debug|x64.Build.0 = Debug|x64
		{6F3329D2-0D07-4E94-BC19-B76265CE0F3A}.Debug|x86.ActiveCfg = Debug|Win32
		{6F3329D2-0D07-4E94-BC19-B76265CE0F3A}.Debug|x86.Build.0 = Debug|Win32
		{6F3329D2-0D07-4E94-BC19-B76265CE0F3A}.Release|x64.ActiveCfg = Release|x64
		{6F3329D2-0D07-4E94-BC19-B76265CE0F3A}.Release|x64.Build.0 = Release|x64
		{6F3329D2-0D07-4E94-BC19-B76265CE0F3A}.Release|x86.ActiveCfg = Release|Win32
		{6F3329D2-0D07-4E94-BC19-B76265CE0F3A}.Release|x86.Build.0 = Release|Win32
		{793C158F-BDE4-43DD-883E-AB8D3F7A0320}.Debug|x64.ActiveCfg = Debug|x64
		{793C158F-BDE4-43DD-883E-AB8D3F7A0320}.Debug|x64.Build.0 = Debug|x64
		{793C158F-BDE4-43DD-883E-AB8D3F7A0320}.Debug|x86.ActiveCfg = Debug|Win32
		{793C158F-BDE4-43DD-883E-AB8D3F7A0320}.Debug|x86.Build.0 = Debug|Win32
		{793C158F-BDE4-43DD-883E-AB8D3F7A0320}.Release|x64.ActiveCfg = Release|x64
		{793C158F-BDE4-43DD-883E-AB8D3F7A0320}.Release|x64.Build.0 = Release|x64
		{793C158F-BDE4-43DD-883E-AB8D3F7A0320}.Release|x86.ActiveCfg = Release|Win32
		{793C158F-BDE4-43DD-883E-AB8D3F7A0320}.Release|x86.Build.0 = Release|Win32
		{D4284327-9D1B-49AE-ACD3-B4EEBB2C68F2}.Debug|x64.ActiveCfg = Debug|x64
		{D4284327-9D1B-49AE-ACD3-B4EEBB2C68F2}.Debug|x64.Build.0 = Debug|x64
		{D4284327-9D1B-49AE-ACD3-B4EEBB2C68F2}.Debug|x86.ActiveCfg = Debug|Win32
		{D4284327-9D1B-49AE-ACD3-B4EEBB2C68F2}.Debug|x86.Build.0 = Debug|Win32
		{D4284327-9D1B-49AE-ACD3-B4EEBB2C68F2}.Release|x64.ActiveCfg = Release|x64
		{D4284327-9D1B-49AE-ACD3-B4EEBB2C68F2}.Release|x64.Build.0 = Release|x64
		{D4284327-9D1B-49AE-ACD3-B4EEBB2C68F2}.Release|x86.ActiveCfg = Release|Win32
		{D4284327-9D1B-49AE-ACD3-B4EEBB2C68F2}.Release|x86.Build.0 = Release|Win32
	EndGlobalSection
	GlobalSection(SolutionProperties) = preSolution
		HideSolutionNode = FALSE
	EndGlobalSection
EndGlobal
